
Microsoft Visual Studio Solution File, Format Version 12.00
# Visual Studio Version 17
VisualStudioVersion = 17.4.33213.308
MinimumVisualStudioVersion = 10.0.40219.1
Project("{9A19103F-16F7-4668-BE54-9A1E7A4F7556}") = "Entity", "Entity\Entity.csproj", "{A2F9D9CD-C728-459D-831F-FAA4655D7866}"
EndProject
Project("{9A19103F-16F7-4668-BE54-9A1E7A4F7556}") = "DataAccess", "DataAccess\DataAccess.csproj", "{50750077-10BA-4ECA-8FC7-3C72B05F4EAA}"
EndProject
Project("{9A19103F-16F7-4668-BE54-9A1E7A4F7556}") = "Core", "Core\Core.csproj", "{F3C01F43-8EF4-4A25-A3CB-6D532AE33CF4}"
EndProject
Project("{9A19103F-16F7-4668-BE54-9A1E7A4F7556}") = "Business", "Business\Business.csproj", "{BCBA8F1B-97C3-4560-81BB-C66F5BC99812}"
EndProject
Project("{9A19103F-16F7-4668-BE54-9A1E7A4F7556}") = "WebUI", "WebUI\WebUI.csproj", "{7E1DAF59-B5A8-43F8-B182-34AE5FB43B01}"
EndProject
Project("{FAE04EC0-301F-11D3-BF4B-00C04F79EFBC}") = "MobileUI.Android", "MobileUI\MobileUI.Android\MobileUI.Android.csproj", "{BA137065-11AD-4345-A051-D24FD9CEE59A}"
EndProject
Project("{9A19103F-16F7-4668-BE54-9A1E7A4F7556}") = "MobileUI", "MobileUI\MobileUI\MobileUI.csproj", "{4E3B49B8-B494-4A69-9E87-9EBD5FB66AB1}"
EndProject
Project("{FAE04EC0-301F-11D3-BF4B-00C04F79EFBC}") = "Bot", "Bot\Bot.csproj", "{006C2FE2-2159-4E2F-B11D-749D1827393C}"
EndProject
Global
	GlobalSection(SolutionConfigurationPlatforms) = preSolution
		Debug|Any CPU = Debug|Any CPU
		Debug|iPhone = Debug|iPhone
		Debug|iPhoneSimulator = Debug|iPhoneSimulator
		Release|Any CPU = Release|Any CPU
		Release|iPhone = Release|iPhone
		Release|iPhoneSimulator = Release|iPhoneSimulator
	EndGlobalSection
	GlobalSection(ProjectConfigurationPlatforms) = postSolution
		{A2F9D9CD-C728-459D-831F-FAA4655D7866}.Debug|Any CPU.ActiveCfg = Debug|Any CPU
		{A2F9D9CD-C728-459D-831F-FAA4655D7866}.Debug|Any CPU.Build.0 = Debug|Any CPU
		{A2F9D9CD-C728-459D-831F-FAA4655D7866}.Debug|iPhone.ActiveCfg = Debug|Any CPU
		{A2F9D9CD-C728-459D-831F-FAA4655D7866}.Debug|iPhone.Build.0 = Debug|Any CPU
		{A2F9D9CD-C728-459D-831F-FAA4655D7866}.Debug|iPhoneSimulator.ActiveCfg = Debug|Any CPU
		{A2F9D9CD-C728-459D-831F-FAA4655D7866}.Debug|iPhoneSimulator.Build.0 = Debug|Any CPU
		{A2F9D9CD-C728-459D-831F-FAA4655D7866}.Release|Any CPU.ActiveCfg = Release|Any CPU
		{A2F9D9CD-C728-459D-831F-FAA4655D7866}.Release|Any CPU.Build.0 = Release|Any CPU
		{A2F9D9CD-C728-459D-831F-FAA4655D7866}.Release|iPhone.ActiveCfg = Release|Any CPU
		{A2F9D9CD-C728-459D-831F-FAA4655D7866}.Release|iPhone.Build.0 = Release|Any CPU
		{A2F9D9CD-C728-459D-831F-FAA4655D7866}.Release|iPhoneSimulator.ActiveCfg = Release|Any CPU
		{A2F9D9CD-C728-459D-831F-FAA4655D7866}.Release|iPhoneSimulator.Build.0 = Release|Any CPU
		{50750077-10BA-4ECA-8FC7-3C72B05F4EAA}.Debug|Any CPU.ActiveCfg = Debug|Any CPU
		{50750077-10BA-4ECA-8FC7-3C72B05F4EAA}.Debug|Any CPU.Build.0 = Debug|Any CPU
		{50750077-10BA-4ECA-8FC7-3C72B05F4EAA}.Debug|iPhone.ActiveCfg = Debug|Any CPU
		{50750077-10BA-4ECA-8FC7-3C72B05F4EAA}.Debug|iPhone.Build.0 = Debug|Any CPU
		{50750077-10BA-4ECA-8FC7-3C72B05F4EAA}.Debug|iPhoneSimulator.ActiveCfg = Debug|Any CPU
		{50750077-10BA-4ECA-8FC7-3C72B05F4EAA}.Debug|iPhoneSimulator.Build.0 = Debug|Any CPU
		{50750077-10BA-4ECA-8FC7-3C72B05F4EAA}.Release|Any CPU.ActiveCfg = Release|Any CPU
		{50750077-10BA-4ECA-8FC7-3C72B05F4EAA}.Release|Any CPU.Build.0 = Release|Any CPU
		{50750077-10BA-4ECA-8FC7-3C72B05F4EAA}.Release|iPhone.ActiveCfg = Release|Any CPU
		{50750077-10BA-4ECA-8FC7-3C72B05F4EAA}.Release|iPhone.Build.0 = Release|Any CPU
		{50750077-10BA-4ECA-8FC7-3C72B05F4EAA}.Release|iPhoneSimulator.ActiveCfg = Release|Any CPU
		{50750077-10BA-4ECA-8FC7-3C72B05F4EAA}.Release|iPhoneSimulator.Build.0 = Release|Any CPU
		{F3C01F43-8EF4-4A25-A3CB-6D532AE33CF4}.Debug|Any CPU.ActiveCfg = Debug|Any CPU
		{F3C01F43-8EF4-4A25-A3CB-6D532AE33CF4}.Debug|Any CPU.Build.0 = Debug|Any CPU
		{F3C01F43-8EF4-4A25-A3CB-6D532AE33CF4}.Debug|iPhone.ActiveCfg = Debug|Any CPU
		{F3C01F43-8EF4-4A25-A3CB-6D532AE33CF4}.Debug|iPhone.Build.0 = Debug|Any CPU
		{F3C01F43-8EF4-4A25-A3CB-6D532AE33CF4}.Debug|iPhoneSimulator.ActiveCfg = Debug|Any CPU
		{F3C01F43-8EF4-4A25-A3CB-6D532AE33CF4}.Debug|iPhoneSimulator.Build.0 = Debug|Any CPU
		{F3C01F43-8EF4-4A25-A3CB-6D532AE33CF4}.Release|Any CPU.ActiveCfg = Release|Any CPU
		{F3C01F43-8EF4-4A25-A3CB-6D532AE33CF4}.Release|Any CPU.Build.0 = Release|Any CPU
		{F3C01F43-8EF4-4A25-A3CB-6D532AE33CF4}.Release|iPhone.ActiveCfg = Release|Any CPU
		{F3C01F43-8EF4-4A25-A3CB-6D532AE33CF4}.Release|iPhone.Build.0 = Release|Any CPU
		{F3C01F43-8EF4-4A25-A3CB-6D532AE33CF4}.Release|iPhoneSimulator.ActiveCfg = Release|Any CPU
		{F3C01F43-8EF4-4A25-A3CB-6D532AE33CF4}.Release|iPhoneSimulator.Build.0 = Release|Any CPU
		{BCBA8F1B-97C3-4560-81BB-C66F5BC99812}.Debug|Any CPU.ActiveCfg = Debug|Any CPU
		{BCBA8F1B-97C3-4560-81BB-C66F5BC99812}.Debug|Any CPU.Build.0 = Debug|Any CPU
		{BCBA8F1B-97C3-4560-81BB-C66F5BC99812}.Debug|iPhone.ActiveCfg = Debug|Any CPU
		{BCBA8F1B-97C3-4560-81BB-C66F5BC99812}.Debug|iPhone.Build.0 = Debug|Any CPU
		{BCBA8F1B-97C3-4560-81BB-C66F5BC99812}.Debug|iPhoneSimulator.ActiveCfg = Debug|Any CPU
		{BCBA8F1B-97C3-4560-81BB-C66F5BC99812}.Debug|iPhoneSimulator.Build.0 = Debug|Any CPU
		{BCBA8F1B-97C3-4560-81BB-C66F5BC99812}.Release|Any CPU.ActiveCfg = Release|Any CPU
		{BCBA8F1B-97C3-4560-81BB-C66F5BC99812}.Release|Any CPU.Build.0 = Release|Any CPU
		{BCBA8F1B-97C3-4560-81BB-C66F5BC99812}.Release|iPhone.ActiveCfg = Release|Any CPU
		{BCBA8F1B-97C3-4560-81BB-C66F5BC99812}.Release|iPhone.Build.0 = Release|Any CPU
		{BCBA8F1B-97C3-4560-81BB-C66F5BC99812}.Release|iPhoneSimulator.ActiveCfg = Release|Any CPU
		{BCBA8F1B-97C3-4560-81BB-C66F5BC99812}.Release|iPhoneSimulator.Build.0 = Release|Any CPU
		{7E1DAF59-B5A8-43F8-B182-34AE5FB43B01}.Debug|Any CPU.ActiveCfg = Debug|Any CPU
		{7E1DAF59-B5A8-43F8-B182-34AE5FB43B01}.Debug|Any CPU.Build.0 = Debug|Any CPU
		{7E1DAF59-B5A8-43F8-B182-34AE5FB43B01}.Debug|iPhone.ActiveCfg = Debug|Any CPU
		{7E1DAF59-B5A8-43F8-B182-34AE5FB43B01}.Debug|iPhone.Build.0 = Debug|Any CPU
		{7E1DAF59-B5A8-43F8-B182-34AE5FB43B01}.Debug|iPhoneSimulator.ActiveCfg = Debug|Any CPU
		{7E1DAF59-B5A8-43F8-B182-34AE5FB43B01}.Debug|iPhoneSimulator.Build.0 = Debug|Any CPU
		{7E1DAF59-B5A8-43F8-B182-34AE5FB43B01}.Release|Any CPU.ActiveCfg = Release|Any CPU
		{7E1DAF59-B5A8-43F8-B182-34AE5FB43B01}.Release|Any CPU.Build.0 = Release|Any CPU
		{7E1DAF59-B5A8-43F8-B182-34AE5FB43B01}.Release|iPhone.ActiveCfg = Release|Any CPU
		{7E1DAF59-B5A8-43F8-B182-34AE5FB43B01}.Release|iPhone.Build.0 = Release|Any CPU
		{7E1DAF59-B5A8-43F8-B182-34AE5FB43B01}.Release|iPhoneSimulator.ActiveCfg = Release|Any CPU
		{7E1DAF59-B5A8-43F8-B182-34AE5FB43B01}.Release|iPhoneSimulator.Build.0 = Release|Any CPU
		{BA137065-11AD-4345-A051-D24FD9CEE59A}.Debug|Any CPU.ActiveCfg = Debug|Any CPU
		{BA137065-11AD-4345-A051-D24FD9CEE59A}.Debug|Any CPU.Build.0 = Debug|Any CPU
		{BA137065-11AD-4345-A051-D24FD9CEE59A}.Debug|Any CPU.Deploy.0 = Debug|Any CPU
		{BA137065-11AD-4345-A051-D24FD9CEE59A}.Debug|iPhone.ActiveCfg = Debug|Any CPU
		{BA137065-11AD-4345-A051-D24FD9CEE59A}.Debug|iPhone.Build.0 = Debug|Any CPU
		{BA137065-11AD-4345-A051-D24FD9CEE59A}.Debug|iPhone.Deploy.0 = Debug|Any CPU
		{BA137065-11AD-4345-A051-D24FD9CEE59A}.Debug|iPhoneSimulator.ActiveCfg = Debug|Any CPU
		{BA137065-11AD-4345-A051-D24FD9CEE59A}.Debug|iPhoneSimulator.Build.0 = Debug|Any CPU
		{BA137065-11AD-4345-A051-D24FD9CEE59A}.Debug|iPhoneSimulator.Deploy.0 = Debug|Any CPU
		{BA137065-11AD-4345-A051-D24FD9CEE59A}.Release|Any CPU.ActiveCfg = Release|Any CPU
		{BA137065-11AD-4345-A051-D24FD9CEE59A}.Release|Any CPU.Build.0 = Release|Any CPU
		{BA137065-11AD-4345-A051-D24FD9CEE59A}.Release|Any CPU.Deploy.0 = Release|Any CPU
		{BA137065-11AD-4345-A051-D24FD9CEE59A}.Release|iPhone.ActiveCfg = Release|Any CPU
		{BA137065-11AD-4345-A051-D24FD9CEE59A}.Release|iPhone.Build.0 = Release|Any CPU
		{BA137065-11AD-4345-A051-D24FD9CEE59A}.Release|iPhone.Deploy.0 = Release|Any CPU
		{BA137065-11AD-4345-A051-D24FD9CEE59A}.Release|iPhoneSimulator.ActiveCfg = Release|Any CPU
		{BA137065-11AD-4345-A051-D24FD9CEE59A}.Release|iPhoneSimulator.Build.0 = Release|Any CPU
		{BA137065-11AD-4345-A051-D24FD9CEE59A}.Release|iPhoneSimulator.Deploy.0 = Release|Any CPU
		{4E3B49B8-B494-4A69-9E87-9EBD5FB66AB1}.Debug|Any CPU.ActiveCfg = Debug|Any CPU
		{4E3B49B8-B494-4A69-9E87-9EBD5FB66AB1}.Debug|Any CPU.Build.0 = Debug|Any CPU
		{4E3B49B8-B494-4A69-9E87-9EBD5FB66AB1}.Debug|iPhone.ActiveCfg = Debug|Any CPU
		{4E3B49B8-B494-4A69-9E87-9EBD5FB66AB1}.Debug|iPhone.Build.0 = Debug|Any CPU
		{4E3B49B8-B494-4A69-9E87-9EBD5FB66AB1}.Debug|iPhoneSimulator.ActiveCfg = Debug|Any CPU
		{4E3B49B8-B494-4A69-9E87-9EBD5FB66AB1}.Debug|iPhoneSimulator.Build.0 = Debug|Any CPU
		{4E3B49B8-B494-4A69-9E87-9EBD5FB66AB1}.Release|Any CPU.ActiveCfg = Release|Any CPU
		{4E3B49B8-B494-4A69-9E87-9EBD5FB66AB1}.Release|Any CPU.Build.0 = Release|Any CPU
		{4E3B49B8-B494-4A69-9E87-9EBD5FB66AB1}.Release|iPhone.ActiveCfg = Release|Any CPU
		{4E3B49B8-B494-4A69-9E87-9EBD5FB66AB1}.Release|iPhone.Build.0 = Release|Any CPU
		{4E3B49B8-B494-4A69-9E87-9EBD5FB66AB1}.Release|iPhoneSimulator.ActiveCfg = Release|Any CPU
		{4E3B49B8-B494-4A69-9E87-9EBD5FB66AB1}.Release|iPhoneSimulator.Build.0 = Release|Any CPU
		{006C2FE2-2159-4E2F-B11D-749D1827393C}.Debug|Any CPU.ActiveCfg = Debug|Any CPU
		{006C2FE2-2159-4E2F-B11D-749D1827393C}.Debug|Any CPU.Build.0 = Debug|Any CPU
		{006C2FE2-2159-4E2F-B11D-749D1827393C}.Debug|iPhone.ActiveCfg = Debug|Any CPU
		{006C2FE2-2159-4E2F-B11D-749D1827393C}.Debug|iPhone.Build.0 = Debug|Any CPU
		{006C2FE2-2159-4E2F-B11D-749D1827393C}.Debug|iPhoneSimulator.ActiveCfg = Debug|Any CPU
		{006C2FE2-2159-4E2F-B11D-749D1827393C}.Debug|iPhoneSimulator.Build.0 = Debug|Any CPU
		{006C2FE2-2159-4E2F-B11D-749D1827393C}.Release|Any CPU.ActiveCfg = Release|Any CPU
		{006C2FE2-2159-4E2F-B11D-749D1827393C}.Release|Any CPU.Build.0 = Release|Any CPU
		{006C2FE2-2159-4E2F-B11D-749D1827393C}.Release|iPhone.ActiveCfg = Release|Any CPU
		{006C2FE2-2159-4E2F-B11D-749D1827393C}.Release|iPhone.Build.0 = Release|Any CPU
		{006C2FE2-2159-4E2F-B11D-749D1827393C}.Release|iPhoneSimulator.ActiveCfg = Release|Any CPU
		{006C2FE2-2159-4E2F-B11D-749D1827393C}.Release|iPhoneSimulator.Build.0 = Release|Any CPU
	EndGlobalSection
	GlobalSection(SolutionProperties) = preSolution
		HideSolutionNode = FALSE
	EndGlobalSection
	GlobalSection(ExtensibilityGlobals) = postSolution
		SolutionGuid = {494DF36A-823E-4BCE-A118-4296054EDC37}
	EndGlobalSection
EndGlobal
